
Microsoft Visual Studio Solution File, Format Version 12.00
# Visual Studio Version 17
VisualStudioVersion = 17.6.33723.286
MinimumVisualStudioVersion = 10.0.40219.1
Project("{FAE04EC0-301F-11D3-BF4B-00C04F79EFBC}") = "pokedex-web", "pokedex-web\pokedex-web.csproj", "{C16E61C9-924B-4842-B7D3-A976171CA5AC}"
EndProject
Global
	GlobalSection(SolutionConfigurationPlatforms) = preSolution
		Debug|Any CPU = Debug|Any CPU
		Release|Any CPU = Release|Any CPU
	EndGlobalSection
	GlobalSection(ProjectConfigurationPlatforms) = postSolution
		{C16E61C9-924B-4842-B7D3-A976171CA5AC}.Debug|Any CPU.ActiveCfg = Debug|Any CPU
		{C16E61C9-924B-4842-B7D3-A976171CA5AC}.Debug|Any CPU.Build.0 = Debug|Any CPU
		{C16E61C9-924B-4842-B7D3-A976171CA5AC}.Release|Any CPU.ActiveCfg = Release|Any CPU
		{C16E61C9-924B-4842-B7D3-A976171CA5AC}.Release|Any CPU.Build.0 = Release|Any CPU
	EndGlobalSection
	GlobalSection(SolutionProperties) = preSolution
		HideSolutionNode = FALSE
	EndGlobalSection
	GlobalSection(ExtensibilityGlobals) = postSolution
		SolutionGuid = {C7F817E7-83D2-4F81-AB32-214C2BC59E17}
	EndGlobalSection
EndGlobal
